
Microsoft Visual Studio Solution File, Format Version 12.00
# Visual Studio Version 17
VisualStudioVersion = 17.6.33829.357
MinimumVisualStudioVersion = 10.0.40219.1
Project("{888888A0-9F3D-457C-B088-3A5042F75D52}") = "casex", "casex.pyproj", "{52DBA72A-C0F7-4A32-A91A-C25F26E1FF5A}"
EndProject
Global
	GlobalSection(SolutionConfigurationPlatforms) = preSolution
		Debug|Any CPU = Debug|Any CPU
		Release|Any CPU = Release|Any CPU
	EndGlobalSection
	GlobalSection(ProjectConfigurationPlatforms) = postSolution
		{52DBA72A-C0F7-4A32-A91A-C25F26E1FF5A}.Debug|Any CPU.ActiveCfg = Debug|Any CPU
		{52DBA72A-C0F7-4A32-A91A-C25F26E1FF5A}.Debug|Any CPU.Build.0 = Debug|Any CPU
		{52DBA72A-C0F7-4A32-A91A-C25F26E1FF5A}.Release|Any CPU.ActiveCfg = Release|Any CPU
		{52DBA72A-C0F7-4A32-A91A-C25F26E1FF5A}.Release|Any CPU.Build.0 = Release|Any CPU
	EndGlobalSection
	GlobalSection(SolutionProperties) = preSolution
		HideSolutionNode = FALSE
	EndGlobalSection
	GlobalSection(ExtensibilityGlobals) = postSolution
		SolutionGuid = {B6EF416C-0A01-4AC9-ADC0-5DC75100F6C5}
	EndGlobalSection
EndGlobal
